# @generated by Move, please check-in and do not edit manually.

[move]
version = 2
manifest_digest = "689A5E7E9BBCF8474A076305BF84B5D4C6249CC7FB1B79AF478B144C448E8677"
deps_digest = "060AD7E57DFB13104F21BE5F5C3759D03F0553FC3229247D9A7A6B45F50D03A3"
dependencies = [
  { name = "DeepBook" },
  { name = "MoveStdlib" },
  { name = "Sui" },
]

[[move.package]]
name = "DeepBook"
source = { git = "https://github.com/MystenLabs/sui.git", rev = "testnet-v1.14.0", subdir = "crates/sui-framework/packages/deepbook" }

dependencies = [
  { name = "MoveStdlib" },
  { name = "Sui" },
]

[[move.package]]
name = "MoveStdlib"
source = { git = "https://github.com/MystenLabs/sui.git", rev = "testnet-v1.14.0", subdir = "crates/sui-framework/packages/move-stdlib" }

[[move.package]]
name = "Sui"
source = { git = "https://github.com/MystenLabs/sui.git", rev = "testnet-v1.14.0", subdir = "crates/sui-framework/packages/sui-framework" }

dependencies = [
  { name = "MoveStdlib" },
]

[move.toolchain-version]
compiler-version = "1.26.0"
edition = "legacy"
flavor = "sui"

[env]

[env.testnet]
chain-id = "4c78adac"
original-published-id = "0x00d419567150cf865eb484e6fab772fa431da3f3adca4eeceda7db32c688eb66"
latest-published-id = "0x00d419567150cf865eb484e6fab772fa431da3f3adca4eeceda7db32c688eb66"
published-version = "1"
